
Microsoft Visual Studio Solution File, Format Version 12.00
# Visual Studio Version 17
VisualStudioVersion = 17.0.32112.339
MinimumVisualStudioVersion = 10.0.40219.1
Project("{2150E333-8FDC-42A3-9474-1A3956D46DE8}") = "docs", "docs", "{380C8D8E-1770-4044-BF34-EB2BD3888599}"
	ProjectSection(SolutionItems) = preProject
		docs\Application Deployment.txt = docs\Application Deployment.txt
		docs\Job Timings.txt = docs\Job Timings.txt
		docs\Tasks.txt = docs\Tasks.txt
	EndProjectSection
EndProject
Project("{2150E333-8FDC-42A3-9474-1A3956D46DE8}") = "src", "src", "{E9022EAD-24FF-4322-8D72-CCD160384F97}"
	ProjectSection(SolutionItems) = preProject
		src\Directory.Build.props = src\Directory.Build.props
	EndProjectSection
EndProject
Project("{2150E333-8FDC-42A3-9474-1A3956D46DE8}") = "tests", "tests", "{5B9A88D0-9CFD-4A73-96E7-3D91BCDAC27A}"
EndProject
Project("{2150E333-8FDC-42A3-9474-1A3956D46DE8}") = "tools", "tools", "{2B09FB62-D881-45F5-8C94-2D58DE26D31E}"
EndProject
Project("{2150E333-8FDC-42A3-9474-1A3956D46DE8}") = "snippets", "snippets", "{586539EC-675E-4C1C-8F5C-45A0C04F757D}"
	ProjectSection(SolutionItems) = preProject
		docs\tools\snippets\TestingSetup.snippet = docs\tools\snippets\TestingSetup.snippet
	EndProjectSection
EndProject
Project("{2150E333-8FDC-42A3-9474-1A3956D46DE8}") = "resources", "resources", "{25CE126B-FEF8-47D8-A281-76CCF76B4C07}"
	ProjectSection(SolutionItems) = preProject
		docs\Resources\A04.svg = docs\Resources\A04.svg
		docs\Resources\logo.svg = docs\Resources\logo.svg
	EndProjectSection
EndProject
Project("{9A19103F-16F7-4668-BE54-9A1E7A4F7556}") = "Constellation.Application", "src\Constellation.Application\Constellation.Application.csproj", "{1A9B414E-3975-4442-AE4E-FB19F0D4F342}"
EndProject
Project("{9A19103F-16F7-4668-BE54-9A1E7A4F7556}") = "Constellation.Core", "src\Constellation.Core\Constellation.Core.csproj", "{886E9F5F-1A51-4B6E-85D1-9926E19D30BF}"
EndProject
Project("{9A19103F-16F7-4668-BE54-9A1E7A4F7556}") = "Constellation.Infrastructure", "src\Constellation.Infrastructure\Constellation.Infrastructure.csproj", "{E600A271-1BEC-47C7-BB13-1055BA81E778}"
EndProject
Project("{9A19103F-16F7-4668-BE54-9A1E7A4F7556}") = "Constellation.Infrastructure.HangfireServer", "src\Constellation.Infrastructure.HangfireServer\Constellation.Infrastructure.HangfireServer.csproj", "{C8526B2E-DDAA-4510-BB82-ECE50750331E}"
EndProject
Project("{9A19103F-16F7-4668-BE54-9A1E7A4F7556}") = "Constellation.Infrastructure.Templates", "src\Constellation.Infrastructure.Templates\Constellation.Infrastructure.Templates.csproj", "{9C966CE9-D50E-4786-849A-82D816695E64}"
EndProject
Project("{9A19103F-16F7-4668-BE54-9A1E7A4F7556}") = "Constellation.Portal.Parents.Client", "src\Constellation.Portal.Parents.Client\Constellation.Portal.Parents.Client.csproj", "{BB0F0865-B468-4B5C-881D-F785FC10DF50}"
EndProject
Project("{9A19103F-16F7-4668-BE54-9A1E7A4F7556}") = "Constellation.Portal.Parents.Server", "src\Constellation.Portal.Parents.Server\Constellation.Portal.Parents.Server.csproj", "{58BC835D-4F0A-4CA6-9D7B-0D5F089C27D9}"
EndProject
Project("{9A19103F-16F7-4668-BE54-9A1E7A4F7556}") = "Constellation.Presentation.Server", "src\Constellation.Presentation.Server\Constellation.Presentation.Server.csproj", "{9AD0CD72-145C-487A-86A8-ABDB141B3DF6}"
EndProject
Project("{9A19103F-16F7-4668-BE54-9A1E7A4F7556}") = "Constellation.Application.Tests.Unit", "tests\Constellation.Application.Tests.Unit\Constellation.Application.Tests.Unit.csproj", "{80FE9866-0FD6-4B1E-B000-9ADEBCA09AB5}"
EndProject
Project("{9A19103F-16F7-4668-BE54-9A1E7A4F7556}") = "Constellation.Core.Tests.Unit", "tests\Constellation.Core.Tests.Unit\Constellation.Core.Tests.Unit.csproj", "{20777491-C0A3-4C21-A897-494401C1386A}"
EndProject
Project("{9A19103F-16F7-4668-BE54-9A1E7A4F7556}") = "Constellation.Infrastructure.Tests.Unit", "tests\Constellation.Infrastructure.Tests.Unit\Constellation.Infrastructure.Tests.Unit.csproj", "{69CD5F3A-78CD-47AF-B6E4-F57A6E97F24F}"
EndProject
Project("{9A19103F-16F7-4668-BE54-9A1E7A4F7556}") = "Constellation.Portal.Schools.Client", "src\Constellation.Portal.Schools.Client\Constellation.Portal.Schools.Client.csproj", "{AA69D6F0-C765-4339-B649-689B9CC88F7C}"
EndProject
Project("{9A19103F-16F7-4668-BE54-9A1E7A4F7556}") = "Constellation.Portal.Schools.Server", "src\Constellation.Portal.Schools.Server\Constellation.Portal.Schools.Server.csproj", "{E4566469-BDF9-4973-9285-A7CEC24D3607}"
EndProject
Project("{2150E333-8FDC-42A3-9474-1A3956D46DE8}") = "configuration", "configuration", "{97302346-9CCB-491B-AF65-35718830A88B}"
	ProjectSection(SolutionItems) = preProject
		.editorconfig = .editorconfig
	EndProjectSection
EndProject
Global
	GlobalSection(SolutionConfigurationPlatforms) = preSolution
		Debug|Any CPU = Debug|Any CPU
		Release|Any CPU = Release|Any CPU
	EndGlobalSection
	GlobalSection(ProjectConfigurationPlatforms) = postSolution
		{1A9B414E-3975-4442-AE4E-FB19F0D4F342}.Debug|Any CPU.ActiveCfg = Debug|Any CPU
		{1A9B414E-3975-4442-AE4E-FB19F0D4F342}.Debug|Any CPU.Build.0 = Debug|Any CPU
		{1A9B414E-3975-4442-AE4E-FB19F0D4F342}.Release|Any CPU.ActiveCfg = Release|Any CPU
		{1A9B414E-3975-4442-AE4E-FB19F0D4F342}.Release|Any CPU.Build.0 = Release|Any CPU
		{886E9F5F-1A51-4B6E-85D1-9926E19D30BF}.Debug|Any CPU.ActiveCfg = Debug|Any CPU
		{886E9F5F-1A51-4B6E-85D1-9926E19D30BF}.Debug|Any CPU.Build.0 = Debug|Any CPU
		{886E9F5F-1A51-4B6E-85D1-9926E19D30BF}.Release|Any CPU.ActiveCfg = Release|Any CPU
		{886E9F5F-1A51-4B6E-85D1-9926E19D30BF}.Release|Any CPU.Build.0 = Release|Any CPU
		{E600A271-1BEC-47C7-BB13-1055BA81E778}.Debug|Any CPU.ActiveCfg = Debug|Any CPU
		{E600A271-1BEC-47C7-BB13-1055BA81E778}.Debug|Any CPU.Build.0 = Debug|Any CPU
		{E600A271-1BEC-47C7-BB13-1055BA81E778}.Release|Any CPU.ActiveCfg = Release|Any CPU
		{E600A271-1BEC-47C7-BB13-1055BA81E778}.Release|Any CPU.Build.0 = Release|Any CPU
		{C8526B2E-DDAA-4510-BB82-ECE50750331E}.Debug|Any CPU.ActiveCfg = Debug|Any CPU
		{C8526B2E-DDAA-4510-BB82-ECE50750331E}.Debug|Any CPU.Build.0 = Debug|Any CPU
		{C8526B2E-DDAA-4510-BB82-ECE50750331E}.Release|Any CPU.ActiveCfg = Release|Any CPU
		{C8526B2E-DDAA-4510-BB82-ECE50750331E}.Release|Any CPU.Build.0 = Release|Any CPU
		{9C966CE9-D50E-4786-849A-82D816695E64}.Debug|Any CPU.ActiveCfg = Debug|Any CPU
		{9C966CE9-D50E-4786-849A-82D816695E64}.Debug|Any CPU.Build.0 = Debug|Any CPU
		{9C966CE9-D50E-4786-849A-82D816695E64}.Release|Any CPU.ActiveCfg = Release|Any CPU
		{9C966CE9-D50E-4786-849A-82D816695E64}.Release|Any CPU.Build.0 = Release|Any CPU
		{BB0F0865-B468-4B5C-881D-F785FC10DF50}.Debug|Any CPU.ActiveCfg = Debug|Any CPU
		{BB0F0865-B468-4B5C-881D-F785FC10DF50}.Debug|Any CPU.Build.0 = Debug|Any CPU
		{BB0F0865-B468-4B5C-881D-F785FC10DF50}.Release|Any CPU.ActiveCfg = Release|Any CPU
		{BB0F0865-B468-4B5C-881D-F785FC10DF50}.Release|Any CPU.Build.0 = Release|Any CPU
		{58BC835D-4F0A-4CA6-9D7B-0D5F089C27D9}.Debug|Any CPU.ActiveCfg = Debug|Any CPU
		{58BC835D-4F0A-4CA6-9D7B-0D5F089C27D9}.Debug|Any CPU.Build.0 = Debug|Any CPU
		{58BC835D-4F0A-4CA6-9D7B-0D5F089C27D9}.Release|Any CPU.ActiveCfg = Release|Any CPU
		{58BC835D-4F0A-4CA6-9D7B-0D5F089C27D9}.Release|Any CPU.Build.0 = Release|Any CPU
		{9AD0CD72-145C-487A-86A8-ABDB141B3DF6}.Debug|Any CPU.ActiveCfg = Debug|Any CPU
		{9AD0CD72-145C-487A-86A8-ABDB141B3DF6}.Debug|Any CPU.Build.0 = Debug|Any CPU
		{9AD0CD72-145C-487A-86A8-ABDB141B3DF6}.Release|Any CPU.ActiveCfg = Release|Any CPU
		{9AD0CD72-145C-487A-86A8-ABDB141B3DF6}.Release|Any CPU.Build.0 = Release|Any CPU
		{80FE9866-0FD6-4B1E-B000-9ADEBCA09AB5}.Debug|Any CPU.ActiveCfg = Debug|Any CPU
		{80FE9866-0FD6-4B1E-B000-9ADEBCA09AB5}.Debug|Any CPU.Build.0 = Debug|Any CPU
		{80FE9866-0FD6-4B1E-B000-9ADEBCA09AB5}.Release|Any CPU.ActiveCfg = Release|Any CPU
		{80FE9866-0FD6-4B1E-B000-9ADEBCA09AB5}.Release|Any CPU.Build.0 = Release|Any CPU
		{20777491-C0A3-4C21-A897-494401C1386A}.Debug|Any CPU.ActiveCfg = Debug|Any CPU
		{20777491-C0A3-4C21-A897-494401C1386A}.Debug|Any CPU.Build.0 = Debug|Any CPU
		{20777491-C0A3-4C21-A897-494401C1386A}.Release|Any CPU.ActiveCfg = Release|Any CPU
		{20777491-C0A3-4C21-A897-494401C1386A}.Release|Any CPU.Build.0 = Release|Any CPU
		{69CD5F3A-78CD-47AF-B6E4-F57A6E97F24F}.Debug|Any CPU.ActiveCfg = Debug|Any CPU
		{69CD5F3A-78CD-47AF-B6E4-F57A6E97F24F}.Debug|Any CPU.Build.0 = Debug|Any CPU
		{69CD5F3A-78CD-47AF-B6E4-F57A6E97F24F}.Release|Any CPU.ActiveCfg = Release|Any CPU
		{69CD5F3A-78CD-47AF-B6E4-F57A6E97F24F}.Release|Any CPU.Build.0 = Release|Any CPU
		{AA69D6F0-C765-4339-B649-689B9CC88F7C}.Debug|Any CPU.ActiveCfg = Debug|Any CPU
		{AA69D6F0-C765-4339-B649-689B9CC88F7C}.Debug|Any CPU.Build.0 = Debug|Any CPU
		{AA69D6F0-C765-4339-B649-689B9CC88F7C}.Release|Any CPU.ActiveCfg = Release|Any CPU
		{AA69D6F0-C765-4339-B649-689B9CC88F7C}.Release|Any CPU.Build.0 = Release|Any CPU
		{E4566469-BDF9-4973-9285-A7CEC24D3607}.Debug|Any CPU.ActiveCfg = Debug|Any CPU
		{E4566469-BDF9-4973-9285-A7CEC24D3607}.Debug|Any CPU.Build.0 = Debug|Any CPU
		{E4566469-BDF9-4973-9285-A7CEC24D3607}.Release|Any CPU.ActiveCfg = Release|Any CPU
		{E4566469-BDF9-4973-9285-A7CEC24D3607}.Release|Any CPU.Build.0 = Release|Any CPU
	EndGlobalSection
	GlobalSection(SolutionProperties) = preSolution
		HideSolutionNode = FALSE
	EndGlobalSection
	GlobalSection(NestedProjects) = preSolution
		{2B09FB62-D881-45F5-8C94-2D58DE26D31E} = {380C8D8E-1770-4044-BF34-EB2BD3888599}
		{586539EC-675E-4C1C-8F5C-45A0C04F757D} = {2B09FB62-D881-45F5-8C94-2D58DE26D31E}
		{25CE126B-FEF8-47D8-A281-76CCF76B4C07} = {380C8D8E-1770-4044-BF34-EB2BD3888599}
		{1A9B414E-3975-4442-AE4E-FB19F0D4F342} = {E9022EAD-24FF-4322-8D72-CCD160384F97}
		{886E9F5F-1A51-4B6E-85D1-9926E19D30BF} = {E9022EAD-24FF-4322-8D72-CCD160384F97}
		{E600A271-1BEC-47C7-BB13-1055BA81E778} = {E9022EAD-24FF-4322-8D72-CCD160384F97}
		{C8526B2E-DDAA-4510-BB82-ECE50750331E} = {E9022EAD-24FF-4322-8D72-CCD160384F97}
		{9C966CE9-D50E-4786-849A-82D816695E64} = {E9022EAD-24FF-4322-8D72-CCD160384F97}
		{BB0F0865-B468-4B5C-881D-F785FC10DF50} = {E9022EAD-24FF-4322-8D72-CCD160384F97}
		{58BC835D-4F0A-4CA6-9D7B-0D5F089C27D9} = {E9022EAD-24FF-4322-8D72-CCD160384F97}
		{9AD0CD72-145C-487A-86A8-ABDB141B3DF6} = {E9022EAD-24FF-4322-8D72-CCD160384F97}
		{80FE9866-0FD6-4B1E-B000-9ADEBCA09AB5} = {5B9A88D0-9CFD-4A73-96E7-3D91BCDAC27A}
		{20777491-C0A3-4C21-A897-494401C1386A} = {5B9A88D0-9CFD-4A73-96E7-3D91BCDAC27A}
		{69CD5F3A-78CD-47AF-B6E4-F57A6E97F24F} = {5B9A88D0-9CFD-4A73-96E7-3D91BCDAC27A}
		{AA69D6F0-C765-4339-B649-689B9CC88F7C} = {E9022EAD-24FF-4322-8D72-CCD160384F97}
		{E4566469-BDF9-4973-9285-A7CEC24D3607} = {E9022EAD-24FF-4322-8D72-CCD160384F97}
		{97302346-9CCB-491B-AF65-35718830A88B} = {380C8D8E-1770-4044-BF34-EB2BD3888599}
	EndGlobalSection
	GlobalSection(ExtensibilityGlobals) = postSolution
		SolutionGuid = {266E1BC1-EC70-416D-8B6F-E86CB0C2066C}
	EndGlobalSection
EndGlobal
